
Microsoft Visual Studio Solution File, Format Version 12.00
# Visual Studio Version 17
VisualStudioVersion = 17.0.31903.59
MinimumVisualStudioVersion = 10.0.40219.1
Project("{2150E333-8FDC-42A3-9474-1A3956D46DE8}") = "src", "src", "{827E0CD3-B72D-47B6-A68D-7590B98EB39B}"
EndProject
Project("{FAE04EC0-301F-11D3-BF4B-00C04F79EFBC}") = "HrLink.API", "src\HrLink.API\HrLink.API.csproj", "{4E76C2F3-8685-4807-969D-B4585F758D05}"
EndProject
Project("{FAE04EC0-301F-11D3-BF4B-00C04F79EFBC}") = "HrLink.Application", "src\HrLink.Application\HrLink.Application.csproj", "{AF8B398E-F331-4ADA-9752-689FC14D0AA2}"
EndProject
Project("{FAE04EC0-301F-11D3-BF4B-00C04F79EFBC}") = "HrLink.Domain", "src\HrLink.Domain\HrLink.Domain.csproj", "{17D035AA-5604-46CE-A279-7AADC6988B63}"
EndProject
Project("{FAE04EC0-301F-11D3-BF4B-00C04F79EFBC}") = "HrLink.Persistence", "src\HrLink.Persistence\HrLink.Persistence.csproj", "{5EB0B747-49A0-4279-AF4A-D0C8CC260CC4}"
EndProject
Project("{2150E333-8FDC-42A3-9474-1A3956D46DE8}") = "solution-files", "solution-files", "{4AB052F2-F061-4D8C-AD80-81A774C26658}"
	ProjectSection(SolutionItems) = preProject
		.gitignore = .gitignore
		..\README.md = ..\README.md
		HrLink.sln = HrLink.sln
		..\DevOps\docker-compose.yaml = ..\DevOps\docker-compose.yaml
	EndProjectSection
EndProject
Project("{FAE04EC0-301F-11D3-BF4B-00C04F79EFBC}") = "HrLink.Email", "src\HrLink.Email\HrLink.Email.csproj", "{40C008E1-4D7F-4A5F-9BD2-63DCBFE53F07}"
EndProject
Project("{FAE04EC0-301F-11D3-BF4B-00C04F79EFBC}") = "HrLink.Caching", "src\HrLink.Caching\HrLink.Caching.csproj", "{BFE2DB5E-759D-4A96-8562-2FE23BE19753}"
EndProject
Project("{FAE04EC0-301F-11D3-BF4B-00C04F79EFBC}") = "HrLink.Localization", "src\HrLink.Localization\HrLink.Localization.csproj", "{85068CFF-E5C4-4D11-8F82-BE912B70A796}"
EndProject
Global
	GlobalSection(SolutionConfigurationPlatforms) = preSolution
		Debug|Any CPU = Debug|Any CPU
		Debug|x64 = Debug|x64
		Debug|x86 = Debug|x86
		Release|Any CPU = Release|Any CPU
		Release|x64 = Release|x64
		Release|x86 = Release|x86
	EndGlobalSection
	GlobalSection(ProjectConfigurationPlatforms) = postSolution
		{4E76C2F3-8685-4807-969D-B4585F758D05}.Debug|Any CPU.ActiveCfg = Debug|Any CPU
		{4E76C2F3-8685-4807-969D-B4585F758D05}.Debug|Any CPU.Build.0 = Debug|Any CPU
		{4E76C2F3-8685-4807-969D-B4585F758D05}.Debug|x64.ActiveCfg = Debug|Any CPU
		{4E76C2F3-8685-4807-969D-B4585F758D05}.Debug|x64.Build.0 = Debug|Any CPU
		{4E76C2F3-8685-4807-969D-B4585F758D05}.Debug|x86.ActiveCfg = Debug|Any CPU
		{4E76C2F3-8685-4807-969D-B4585F758D05}.Debug|x86.Build.0 = Debug|Any CPU
		{4E76C2F3-8685-4807-969D-B4585F758D05}.Release|Any CPU.ActiveCfg = Release|Any CPU
		{4E76C2F3-8685-4807-969D-B4585F758D05}.Release|Any CPU.Build.0 = Release|Any CPU
		{4E76C2F3-8685-4807-969D-B4585F758D05}.Release|x64.ActiveCfg = Release|Any CPU
		{4E76C2F3-8685-4807-969D-B4585F758D05}.Release|x64.Build.0 = Release|Any CPU
		{4E76C2F3-8685-4807-969D-B4585F758D05}.Release|x86.ActiveCfg = Release|Any CPU
		{4E76C2F3-8685-4807-969D-B4585F758D05}.Release|x86.Build.0 = Release|Any CPU
		{AF8B398E-F331-4ADA-9752-689FC14D0AA2}.Debug|Any CPU.ActiveCfg = Debug|Any CPU
		{AF8B398E-F331-4ADA-9752-689FC14D0AA2}.Debug|Any CPU.Build.0 = Debug|Any CPU
		{AF8B398E-F331-4ADA-9752-689FC14D0AA2}.Debug|x64.ActiveCfg = Debug|Any CPU
		{AF8B398E-F331-4ADA-9752-689FC14D0AA2}.Debug|x64.Build.0 = Debug|Any CPU
		{AF8B398E-F331-4ADA-9752-689FC14D0AA2}.Debug|x86.ActiveCfg = Debug|Any CPU
		{AF8B398E-F331-4ADA-9752-689FC14D0AA2}.Debug|x86.Build.0 = Debug|Any CPU
		{AF8B398E-F331-4ADA-9752-689FC14D0AA2}.Release|Any CPU.ActiveCfg = Release|Any CPU
		{AF8B398E-F331-4ADA-9752-689FC14D0AA2}.Release|Any CPU.Build.0 = Release|Any CPU
		{AF8B398E-F331-4ADA-9752-689FC14D0AA2}.Release|x64.ActiveCfg = Release|Any CPU
		{AF8B398E-F331-4ADA-9752-689FC14D0AA2}.Release|x64.Build.0 = Release|Any CPU
		{AF8B398E-F331-4ADA-9752-689FC14D0AA2}.Release|x86.ActiveCfg = Release|Any CPU
		{AF8B398E-F331-4ADA-9752-689FC14D0AA2}.Release|x86.Build.0 = Release|Any CPU
		{17D035AA-5604-46CE-A279-7AADC6988B63}.Debug|Any CPU.ActiveCfg = Debug|Any CPU
		{17D035AA-5604-46CE-A279-7AADC6988B63}.Debug|Any CPU.Build.0 = Debug|Any CPU
		{17D035AA-5604-46CE-A279-7AADC6988B63}.Debug|x64.ActiveCfg = Debug|Any CPU
		{17D035AA-5604-46CE-A279-7AADC6988B63}.Debug|x64.Build.0 = Debug|Any CPU
		{17D035AA-5604-46CE-A279-7AADC6988B63}.Debug|x86.ActiveCfg = Debug|Any CPU
		{17D035AA-5604-46CE-A279-7AADC6988B63}.Debug|x86.Build.0 = Debug|Any CPU
		{17D035AA-5604-46CE-A279-7AADC6988B63}.Release|Any CPU.ActiveCfg = Release|Any CPU
		{17D035AA-5604-46CE-A279-7AADC6988B63}.Release|Any CPU.Build.0 = Release|Any CPU
		{17D035AA-5604-46CE-A279-7AADC6988B63}.Release|x64.ActiveCfg = Release|Any CPU
		{17D035AA-5604-46CE-A279-7AADC6988B63}.Release|x64.Build.0 = Release|Any CPU
		{17D035AA-5604-46CE-A279-7AADC6988B63}.Release|x86.ActiveCfg = Release|Any CPU
		{17D035AA-5604-46CE-A279-7AADC6988B63}.Release|x86.Build.0 = Release|Any CPU
		{5EB0B747-49A0-4279-AF4A-D0C8CC260CC4}.Debug|Any CPU.ActiveCfg = Debug|Any CPU
		{5EB0B747-49A0-4279-AF4A-D0C8CC260CC4}.Debug|Any CPU.Build.0 = Debug|Any CPU
		{5EB0B747-49A0-4279-AF4A-D0C8CC260CC4}.Debug|x64.ActiveCfg = Debug|Any CPU
		{5EB0B747-49A0-4279-AF4A-D0C8CC260CC4}.Debug|x64.Build.0 = Debug|Any CPU
		{5EB0B747-49A0-4279-AF4A-D0C8CC260CC4}.Debug|x86.ActiveCfg = Debug|Any CPU
		{5EB0B747-49A0-4279-AF4A-D0C8CC260CC4}.Debug|x86.Build.0 = Debug|Any CPU
		{5EB0B747-49A0-4279-AF4A-D0C8CC260CC4}.Release|Any CPU.ActiveCfg = Release|Any CPU
		{5EB0B747-49A0-4279-AF4A-D0C8CC260CC4}.Release|Any CPU.Build.0 = Release|Any CPU
		{5EB0B747-49A0-4279-AF4A-D0C8CC260CC4}.Release|x64.ActiveCfg = Release|Any CPU
		{5EB0B747-49A0-4279-AF4A-D0C8CC260CC4}.Release|x64.Build.0 = Release|Any CPU
		{5EB0B747-49A0-4279-AF4A-D0C8CC260CC4}.Release|x86.ActiveCfg = Release|Any CPU
		{5EB0B747-49A0-4279-AF4A-D0C8CC260CC4}.Release|x86.Build.0 = Release|Any CPU
		{40C008E1-4D7F-4A5F-9BD2-63DCBFE53F07}.Debug|Any CPU.ActiveCfg = Debug|Any CPU
		{40C008E1-4D7F-4A5F-9BD2-63DCBFE53F07}.Debug|Any CPU.Build.0 = Debug|Any CPU
		{40C008E1-4D7F-4A5F-9BD2-63DCBFE53F07}.Debug|x64.ActiveCfg = Debug|Any CPU
		{40C008E1-4D7F-4A5F-9BD2-63DCBFE53F07}.Debug|x64.Build.0 = Debug|Any CPU
		{40C008E1-4D7F-4A5F-9BD2-63DCBFE53F07}.Debug|x86.ActiveCfg = Debug|Any CPU
		{40C008E1-4D7F-4A5F-9BD2-63DCBFE53F07}.Debug|x86.Build.0 = Debug|Any CPU
		{40C008E1-4D7F-4A5F-9BD2-63DCBFE53F07}.Release|Any CPU.ActiveCfg = Release|Any CPU
		{40C008E1-4D7F-4A5F-9BD2-63DCBFE53F07}.Release|Any CPU.Build.0 = Release|Any CPU
		{40C008E1-4D7F-4A5F-9BD2-63DCBFE53F07}.Release|x64.ActiveCfg = Release|Any CPU
		{40C008E1-4D7F-4A5F-9BD2-63DCBFE53F07}.Release|x64.Build.0 = Release|Any CPU
		{40C008E1-4D7F-4A5F-9BD2-63DCBFE53F07}.Release|x86.ActiveCfg = Release|Any CPU
		{40C008E1-4D7F-4A5F-9BD2-63DCBFE53F07}.Release|x86.Build.0 = Release|Any CPU
		{BFE2DB5E-759D-4A96-8562-2FE23BE19753}.Debug|Any CPU.ActiveCfg = Debug|Any CPU
		{BFE2DB5E-759D-4A96-8562-2FE23BE19753}.Debug|Any CPU.Build.0 = Debug|Any CPU
		{BFE2DB5E-759D-4A96-8562-2FE23BE19753}.Debug|x64.ActiveCfg = Debug|Any CPU
		{BFE2DB5E-759D-4A96-8562-2FE23BE19753}.Debug|x64.Build.0 = Debug|Any CPU
		{BFE2DB5E-759D-4A96-8562-2FE23BE19753}.Debug|x86.ActiveCfg = Debug|Any CPU
		{BFE2DB5E-759D-4A96-8562-2FE23BE19753}.Debug|x86.Build.0 = Debug|Any CPU
		{BFE2DB5E-759D-4A96-8562-2FE23BE19753}.Release|Any CPU.ActiveCfg = Release|Any CPU
		{BFE2DB5E-759D-4A96-8562-2FE23BE19753}.Release|Any CPU.Build.0 = Release|Any CPU
		{BFE2DB5E-759D-4A96-8562-2FE23BE19753}.Release|x64.ActiveCfg = Release|Any CPU
		{BFE2DB5E-759D-4A96-8562-2FE23BE19753}.Release|x64.Build.0 = Release|Any CPU
		{BFE2DB5E-759D-4A96-8562-2FE23BE19753}.Release|x86.ActiveCfg = Release|Any CPU
		{BFE2DB5E-759D-4A96-8562-2FE23BE19753}.Release|x86.Build.0 = Release|Any CPU
		{85068CFF-E5C4-4D11-8F82-BE912B70A796}.Debug|Any CPU.ActiveCfg = Debug|Any CPU
		{85068CFF-E5C4-4D11-8F82-BE912B70A796}.Debug|Any CPU.Build.0 = Debug|Any CPU
		{85068CFF-E5C4-4D11-8F82-BE912B70A796}.Debug|x64.ActiveCfg = Debug|Any CPU
		{85068CFF-E5C4-4D11-8F82-BE912B70A796}.Debug|x64.Build.0 = Debug|Any CPU
		{85068CFF-E5C4-4D11-8F82-BE912B70A796}.Debug|x86.ActiveCfg = Debug|Any CPU
		{85068CFF-E5C4-4D11-8F82-BE912B70A796}.Debug|x86.Build.0 = Debug|Any CPU
		{85068CFF-E5C4-4D11-8F82-BE912B70A796}.Release|Any CPU.ActiveCfg = Release|Any CPU
		{85068CFF-E5C4-4D11-8F82-BE912B70A796}.Release|Any CPU.Build.0 = Release|Any CPU
		{85068CFF-E5C4-4D11-8F82-BE912B70A796}.Release|x64.ActiveCfg = Release|Any CPU
		{85068CFF-E5C4-4D11-8F82-BE912B70A796}.Release|x64.Build.0 = Release|Any CPU
		{85068CFF-E5C4-4D11-8F82-BE912B70A796}.Release|x86.ActiveCfg = Release|Any CPU
		{85068CFF-E5C4-4D11-8F82-BE912B70A796}.Release|x86.Build.0 = Release|Any CPU
	EndGlobalSection
	GlobalSection(SolutionProperties) = preSolution
		HideSolutionNode = FALSE
	EndGlobalSection
	GlobalSection(NestedProjects) = preSolution
		{4E76C2F3-8685-4807-969D-B4585F758D05} = {827E0CD3-B72D-47B6-A68D-7590B98EB39B}
		{AF8B398E-F331-4ADA-9752-689FC14D0AA2} = {827E0CD3-B72D-47B6-A68D-7590B98EB39B}
		{17D035AA-5604-46CE-A279-7AADC6988B63} = {827E0CD3-B72D-47B6-A68D-7590B98EB39B}
		{5EB0B747-49A0-4279-AF4A-D0C8CC260CC4} = {827E0CD3-B72D-47B6-A68D-7590B98EB39B}
		{40C008E1-4D7F-4A5F-9BD2-63DCBFE53F07} = {827E0CD3-B72D-47B6-A68D-7590B98EB39B}
		{BFE2DB5E-759D-4A96-8562-2FE23BE19753} = {827E0CD3-B72D-47B6-A68D-7590B98EB39B}
		{85068CFF-E5C4-4D11-8F82-BE912B70A796} = {827E0CD3-B72D-47B6-A68D-7590B98EB39B}
	EndGlobalSection
EndGlobal
